
Microsoft Visual Studio Solution File, Format Version 12.00
# Visual Studio Version 17
VisualStudioVersion = 17.7.34202.233
MinimumVisualStudioVersion = 10.0.40219.1
Project("{8BC9CEB8-8B4A-11D0-8D11-00A0C91BC942}") = "BOJ_2961", "BOJ_2961\BOJ_2961.vcxproj", "{27A43B67-7BFE-4140-B161-D5F0CA17ABF1}"
EndProject
Global
	GlobalSection(SolutionConfigurationPlatforms) = preSolution
		Debug|x64 = Debug|x64
		Release|x64 = Release|x64
	EndGlobalSection
	GlobalSection(ProjectConfigurationPlatforms) = postSolution
		{27A43B67-7BFE-4140-B161-D5F0CA17ABF1}.Debug|x64.ActiveCfg = Debug|x64
		{27A43B67-7BFE-4140-B161-D5F0CA17ABF1}.Debug|x64.Build.0 = Debug|x64
		{27A43B67-7BFE-4140-B161-D5F0CA17ABF1}.Release|x64.ActiveCfg = Release|x64
		{27A43B67-7BFE-4140-B161-D5F0CA17ABF1}.Release|x64.Build.0 = Release|x64
	EndGlobalSection
	GlobalSection(SolutionProperties) = preSolution
		HideSolutionNode = FALSE
	EndGlobalSection
	GlobalSection(ExtensibilityGlobals) = postSolution
		SolutionGuid = {77884690-C0AD-4B2A-8A29-A4A70EE65A4D}
	EndGlobalSection
EndGlobal
